// !$*UTF8*$!
{
	archiveVersion = 1;
	classes = {
	};
	objectVersion = 46;
	objects = {

/* Begin PBXBuildFile section */
		1D0574441A1F97610068BC31 /* Contact.swift in Sources */ = {isa = PBXBuildFile; fileRef = 1D0574431A1F97610068BC31 /* Contact.swift */; };
		1D05747B1A20232D0068BC31 /* InstructionsViewController.swift in Sources */ = {isa = PBXBuildFile; fileRef = 1D05747A1A20232D0068BC31 /* InstructionsViewController.swift */; };
		1D80E2DA1A1BF5AD0082AD15 /* AddEditTableViewController.swift in Sources */ = {isa = PBXBuildFile; fileRef = 1D80E2D91A1BF5AD0082AD15 /* AddEditTableViewController.swift */; };
		1DBCF17A1A18F7D50034DFD6 /* AppDelegate.swift in Sources */ = {isa = PBXBuildFile; fileRef = 1DBCF1791A18F7D50034DFD6 /* AppDelegate.swift */; };
		1DBCF17D1A18F7D50034DFD6 /* AddressBook.xcdatamodeld in Sources */ = {isa = PBXBuildFile; fileRef = 1DBCF17B1A18F7D50034DFD6 /* AddressBook.xcdatamodeld */; };
		1DBCF17F1A18F7D50034DFD6 /* MasterViewController.swift in Sources */ = {isa = PBXBuildFile; fileRef = 1DBCF17E1A18F7D50034DFD6 /* MasterViewController.swift */; };
		1DBCF1811A18F7D50034DFD6 /* DetailViewController.swift in Sources */ = {isa = PBXBuildFile; fileRef = 1DBCF1801A18F7D50034DFD6 /* DetailViewController.swift */; };
		1DBCF1841A18F7D50034DFD6 /* Main.storyboard in Resources */ = {isa = PBXBuildFile; fileRef = 1DBCF1821A18F7D50034DFD6 /* Main.storyboard */; };
		1DBCF1861A18F7D50034DFD6 /* Images.xcassets in Resources */ = {isa = PBXBuildFile; fileRef = 1DBCF1851A18F7D50034DFD6 /* Images.xcassets */; };
		1DBCF1891A18F7D50034DFD6 /* LaunchScreen.xib in Resources */ = {isa = PBXBuildFile; fileRef = 1DBCF1871A18F7D50034DFD6 /* LaunchScreen.xib */; };
		1DBCF1951A18F7D50034DFD6 /* AddressBookTests.swift in Sources */ = {isa = PBXBuildFile; fileRef = 1DBCF1941A18F7D50034DFD6 /* AddressBookTests.swift */; };
/* End PBXBuildFile section */

/* Begin PBXContainerItemProxy section */
		1DBCF18F1A18F7D50034DFD6 /* PBXContainerItemProxy */ = {
			isa = PBXContainerItemProxy;
			containerPortal = 1DBCF16C1A18F7D50034DFD6 /* Project object */;
			proxyType = 1;
			remoteGlobalIDString = 1DBCF1731A18F7D50034DFD6;
			remoteInfo = AddressBook;
		};
/* End PBXContainerItemProxy section */

/* Begin PBXFileReference section */
		1D0574431A1F97610068BC31 /* Contact.swift */ = {isa = PBXFileReference; fileEncoding = 4; lastKnownFileType = sourcecode.swift; path = Contact.swift; sourceTree = "<group>"; };
		1D05747A1A20232D0068BC31 /* InstructionsViewController.swift */ = {isa = PBXFileReference; fileEncoding = 4; lastKnownFileType = sourcecode.swift; path = InstructionsViewController.swift; sourceTree = "<group>"; };
		1D80E2D91A1BF5AD0082AD15 /* AddEditTableViewController.swift */ = {isa = PBXFileReference; fileEncoding = 4; lastKnownFileType = sourcecode.swift; path = AddEditTableViewController.swift; sourceTree = "<group>"; };
		1DBCF1741A18F7D50034DFD6 /* AddressBook.app */ = {isa = PBXFileReference; explicitFileType = wrapper.application; includeInIndex = 0; path = AddressBook.app; sourceTree = BUILT_PRODUCTS_DIR; };
		1DBCF1781A18F7D50034DFD6 /* Info.plist */ = {isa = PBXFileReference; lastKnownFileType = text.plist.xml; path = Info.plist; sourceTree = "<group>"; };
		1DBCF1791A18F7D50034DFD6 /* AppDelegate.swift */ = {isa = PBXFileReference; lastKnownFileType = sourcecode.swift; path = AppDelegate.swift; sourceTree = "<group>"; };
		1DBCF17C1A18F7D50034DFD6 /* AddressBook.xcdatamodel */ = {isa = PBXFileReference; lastKnownFileType = wrapper.xcdatamodel; path = AddressBook.xcdatamodel; sourceTree = "<group>"; };
		1DBCF17E1A18F7D50034DFD6 /* MasterViewController.swift */ = {isa = PBXFileReference; lastKnownFileType = sourcecode.swift; path = MasterViewController.swift; sourceTree = "<group>"; };
		1DBCF1801A18F7D50034DFD6 /* DetailViewController.swift */ = {isa = PBXFileReference; lastKnownFileType = sourcecode.swift; path = DetailViewController.swift; sourceTree = "<group>"; };
		1DBCF1831A18F7D50034DFD6 /* Base */ = {isa = PBXFileReference; lastKnownFileType = file.storyboard; name = Base; path = Base.lproj/Main.storyboard; sourceTree = "<group>"; };
		1DBCF1851A18F7D50034DFD6 /* Images.xcassets */ = {isa = PBXFileReference; lastKnownFileType = folder.assetcatalog; path = Images.xcassets; sourceTree = "<group>"; };
		1DBCF1881A18F7D50034DFD6 /* Base */ = {isa = PBXFileReference; lastKnownFileType = file.xib; name = Base; path = Base.lproj/LaunchScreen.xib; sourceTree = "<group>"; };
		1DBCF18E1A18F7D50034DFD6 /* AddressBookTests.xctest */ = {isa = PBXFileReference; explicitFileType = wrapper.cfbundle; includeInIndex = 0; path = AddressBookTests.xctest; sourceTree = BUILT_PRODUCTS_DIR; };
		1DBCF1931A18F7D50034DFD6 /* Info.plist */ = {isa = PBXFileReference; lastKnownFileType = text.plist.xml; path = Info.plist; sourceTree = "<group>"; };
		1DBCF1941A18F7D50034DFD6 /* AddressBookTests.swift */ = {isa = PBXFileReference; lastKnownFileType = sourcecode.swift; path = AddressBookTests.swift; sourceTree = "<group>"; };
/* End PBXFileReference section */

/* Begin PBXFrameworksBuildPhase section */
		1DBCF1711A18F7D50034DFD6 /* Frameworks */ = {
			isa = PBXFrameworksBuildPhase;
			buildActionMask = 2147483647;
			files = (
			);
			runOnlyForDeploymentPostprocessing = 0;
		};
		1DBCF18B1A18F7D50034DFD6 /* Frameworks */ = {
			isa = PBXFrameworksBuildPhase;
			buildActionMask = 2147483647;
			files = (
			);
			runOnlyForDeploymentPostprocessing = 0;
		};
/* End PBXFrameworksBuildPhase section */

/* Begin PBXGroup section */
		1DBCF16B1A18F7D50034DFD6 = {
			isa = PBXGroup;
			children = (
				1DBCF1761A18F7D50034DFD6 /* AddressBook */,
				1DBCF1911A18F7D50034DFD6 /* AddressBookTests */,
				1DBCF1751A18F7D50034DFD6 /* Products */,
			);
			sourceTree = "<group>";
		};
		1DBCF1751A18F7D50034DFD6 /* Products */ = {
			isa = PBXGroup;
			children = (
				1DBCF1741A18F7D50034DFD6 /* AddressBook.app */,
				1DBCF18E1A18F7D50034DFD6 /* AddressBookTests.xctest */,
			);
			name = Products;
			sourceTree = "<group>";
		};
		1DBCF1761A18F7D50034DFD6 /* AddressBook */ = {
			isa = PBXGroup;
			children = (
				1DBCF1791A18F7D50034DFD6 /* AppDelegate.swift */,
				1DBCF17E1A18F7D50034DFD6 /* MasterViewController.swift */,
				1DBCF1801A18F7D50034DFD6 /* DetailViewController.swift */,
				1DBCF1821A18F7D50034DFD6 /* Main.storyboard */,
				1DBCF1851A18F7D50034DFD6 /* Images.xcassets */,
				1DBCF1871A18F7D50034DFD6 /* LaunchScreen.xib */,
				1DBCF17B1A18F7D50034DFD6 /* AddressBook.xcdatamodeld */,
				1D0574431A1F97610068BC31 /* Contact.swift */,
				1DBCF1771A18F7D50034DFD6 /* Supporting Files */,
				1D80E2D91A1BF5AD0082AD15 /* AddEditTableViewController.swift */,
				1D05747A1A20232D0068BC31 /* InstructionsViewController.swift */,
			);
			path = AddressBook;
			sourceTree = "<group>";
		};
		1DBCF1771A18F7D50034DFD6 /* Supporting Files */ = {
			isa = PBXGroup;
			children = (
				1DBCF1781A18F7D50034DFD6 /* Info.plist */,
			);
			name = "Supporting Files";
			sourceTree = "<group>";
		};
		1DBCF1911A18F7D50034DFD6 /* AddressBookTests */ = {
			isa = PBXGroup;
			children = (
				1DBCF1941A18F7D50034DFD6 /* AddressBookTests.swift */,
				1DBCF1921A18F7D50034DFD6 /* Supporting Files */,
			);
			path = AddressBookTests;
			sourceTree = "<group>";
		};
		1DBCF1921A18F7D50034DFD6 /* Supporting Files */ = {
			isa = PBXGroup;
			children = (
				1DBCF1931A18F7D50034DFD6 /* Info.plist */,
			);
			name = "Supporting Files";
			sourceTree = "<group>";
		};
/* End PBXGroup section */

/* Begin PBXNativeTarget section */
		1DBCF1731A18F7D50034DFD6 /* AddressBook */ = {
			isa = PBXNativeTarget;
			buildConfigurationList = 1DBCF1981A18F7D50034DFD6 /* Build configuration list for PBXNativeTarget "AddressBook" */;
			buildPhases = (
				1DBCF1701A18F7D50034DFD6 /* Sources */,
				1DBCF1711A18F7D50034DFD6 /* Frameworks */,
				1DBCF1721A18F7D50034DFD6 /* Resources */,
			);
			buildRules = (
			);
			dependencies = (
			);
			name = AddressBook;
			productName = AddressBook;
			productReference = 1DBCF1741A18F7D50034DFD6 /* AddressBook.app */;
			productType = "com.apple.product-type.application";
		};
		1DBCF18D1A18F7D50034DFD6 /* AddressBookTests */ = {
			isa = PBXNativeTarget;
			buildConfigurationList = 1DBCF19B1A18F7D50034DFD6 /* Build configuration list for PBXNativeTarget "AddressBookTests" */;
			buildPhases = (
				1DBCF18A1A18F7D50034DFD6 /* Sources */,
				1DBCF18B1A18F7D50034DFD6 /* Frameworks */,
				1DBCF18C1A18F7D50034DFD6 /* Resources */,
			);
			buildRules = (
			);
			dependencies = (
				1DBCF1901A18F7D50034DFD6 /* PBXTargetDependency */,
			);
			name = AddressBookTests;
			productName = AddressBookTests;
			productReference = 1DBCF18E1A18F7D50034DFD6 /* AddressBookTests.xctest */;
			productType = "com.apple.product-type.bundle.unit-test";
		};
/* End PBXNativeTarget section */

/* Begin PBXProject section */
		1DBCF16C1A18F7D50034DFD6 /* Project object */ = {
			isa = PBXProject;
			attributes = {
				LastUpgradeCheck = 0610;
				ORGANIZATIONNAME = "Deitel & Associates, Inc.";
				TargetAttributes = {
					1DBCF1731A18F7D50034DFD6 = {
						CreatedOnToolsVersion = 6.1;
						DevelopmentTeam = 4X758JC365;
						SystemCapabilities = {
							com.apple.iCloud = {
								enabled = 0;
							};
						};
					};
					1DBCF18D1A18F7D50034DFD6 = {
						CreatedOnToolsVersion = 6.1;
						DevelopmentTeam = X7B4WZD46E;
						TestTargetID = 1DBCF1731A18F7D50034DFD6;
					};
				};
			};
			buildConfigurationList = 1DBCF16F1A18F7D50034DFD6 /* Build configuration list for PBXProject "AddressBook" */;
			compatibilityVersion = "Xcode 3.2";
			developmentRegion = English;
			hasScannedForEncodings = 0;
			knownRegions = (
				en,
				Base,
			);
			mainGroup = 1DBCF16B1A18F7D50034DFD6;
			productRefGroup = 1DBCF1751A18F7D50034DFD6 /* Products */;
			projectDirPath = "";
			projectRoot = "";
			targets = (
				1DBCF1731A18F7D50034DFD6 /* AddressBook */,
				1DBCF18D1A18F7D50034DFD6 /* AddressBookTests */,
			);
		};
/* End PBXProject section */

/* Begin PBXResourcesBuildPhase section */
		1DBCF1721A18F7D50034DFD6 /* Resources */ = {
			isa = PBXResourcesBuildPhase;
			buildActionMask = 2147483647;
			files = (
				1DBCF1841A18F7D50034DFD6 /* Main.storyboard in Resources */,
				1DBCF1891A18F7D50034DFD6 /* LaunchScreen.xib in Resources */,
				1DBCF1861A18F7D50034DFD6 /* Images.xcassets in Resources */,
			);
			runOnlyForDeploymentPostprocessing = 0;
		};
		1DBCF18C1A18F7D50034DFD6 /* Resources */ = {
			isa = PBXResourcesBuildPhase;
			buildActionMask = 2147483647;
			files = (
			);
			runOnlyForDeploymentPostprocessing = 0;
		};
/* End PBXResourcesBuildPhase section */

/* Begin PBXSourcesBuildPhase section */
		1DBCF1701A18F7D50034DFD6 /* Sources */ = {
			isa = PBXSourcesBuildPhase;
			buildActionMask = 2147483647;
			files = (
				1D0574441A1F97610068BC31 /* Contact.swift in Sources */,
				1DBCF17A1A18F7D50034DFD6 /* AppDelegate.swift in Sources */,
				1DBCF17D1A18F7D50034DFD6 /* AddressBook.xcdatamodeld in Sources */,
				1DBCF17F1A18F7D50034DFD6 /* MasterViewController.swift in Sources */,
				1DBCF1811A18F7D50034DFD6 /* DetailViewController.swift in Sources */,
				1D05747B1A20232D0068BC31 /* InstructionsViewController.swift in Sources */,
				1D80E2DA1A1BF5AD0082AD15 /* AddEditTableViewController.swift in Sources */,
			);
			runOnlyForDeploymentPostprocessing = 0;
		};
		1DBCF18A1A18F7D50034DFD6 /* Sources */ = {
			isa = PBXSourcesBuildPhase;
			buildActionMask = 2147483647;
			files = (
				1DBCF1951A18F7D50034DFD6 /* AddressBookTests.swift in Sources */,
			);
			runOnlyForDeploymentPostprocessing = 0;
		};
/* End PBXSourcesBuildPhase section */

/* Begin PBXTargetDependency section */
		1DBCF1901A18F7D50034DFD6 /* PBXTargetDependency */ = {
			isa = PBXTargetDependency;
			target = 1DBCF1731A18F7D50034DFD6 /* AddressBook */;
			targetProxy = 1DBCF18F1A18F7D50034DFD6 /* PBXContainerItemProxy */;
		};
/* End PBXTargetDependency section */

/* Begin PBXVariantGroup section */
		1DBCF1821A18F7D50034DFD6 /* Main.storyboard */ = {
			isa = PBXVariantGroup;
			children = (
				1DBCF1831A18F7D50034DFD6 /* Base */,
			);
			name = Main.storyboard;
			sourceTree = "<group>";
		};
		1DBCF1871A18F7D50034DFD6 /* LaunchScreen.xib */ = {
			isa = PBXVariantGroup;
			children = (
				1DBCF1881A18F7D50034DFD6 /* Base */,
			);
			name = LaunchScreen.xib;
			sourceTree = "<group>";
		};
/* End PBXVariantGroup section */

/* Begin XCBuildConfiguration section */
		1DBCF1961A18F7D50034DFD6 /* Debug */ = {
			isa = XCBuildConfiguration;
			buildSettings = {
				ALWAYS_SEARCH_USER_PATHS = NO;
				CLANG_CXX_LANGUAGE_STANDARD = "gnu++0x";
				CLANG_CXX_LIBRARY = "libc++";
				CLANG_ENABLE_MODULES = YES;
				CLANG_ENABLE_OBJC_ARC = YES;
				CLANG_WARN_BOOL_CONVERSION = YES;
				CLANG_WARN_CONSTANT_CONVERSION = YES;
				CLANG_WARN_DIRECT_OBJC_ISA_USAGE = YES_ERROR;
				CLANG_WARN_EMPTY_BODY = YES;
				CLANG_WARN_ENUM_CONVERSION = YES;
				CLANG_WARN_INT_CONVERSION = YES;
				CLANG_WARN_OBJC_ROOT_CLASS = YES_ERROR;
				CLANG_WARN_UNREACHABLE_CODE = YES;
				CLANG_WARN__DUPLICATE_METHOD_MATCH = YES;
				"CODE_SIGN_IDENTITY[sdk=iphoneos*]" = "iPhone Developer";
				COPY_PHASE_STRIP = NO;
				ENABLE_STRICT_OBJC_MSGSEND = YES;
				GCC_C_LANGUAGE_STANDARD = gnu99;
				GCC_DYNAMIC_NO_PIC = NO;
				GCC_OPTIMIZATION_LEVEL = 0;
				GCC_PREPROCESSOR_DEFINITIONS = (
					"DEBUG=1",
					"$(inherited)",
				);
				GCC_SYMBOLS_PRIVATE_EXTERN = NO;
				GCC_WARN_64_TO_32_BIT_CONVERSION = YES;
				GCC_WARN_ABOUT_RETURN_TYPE = YES_ERROR;
				GCC_WARN_UNDECLARED_SELECTOR = YES;
				GCC_WARN_UNINITIALIZED_AUTOS = YES_AGGRESSIVE;
				GCC_WARN_UNUSED_FUNCTION = YES;
				GCC_WARN_UNUSED_VARIABLE = YES;
				IPHONEOS_DEPLOYMENT_TARGET = 8.1;
				MTL_ENABLE_DEBUG_INFO = YES;
				ONLY_ACTIVE_ARCH = YES;
				SDKROOT = iphoneos;
				SWIFT_OPTIMIZATION_LEVEL = "-Onone";
				TARGETED_DEVICE_FAMILY = "1,2";
			};
			name = Debug;
		};
		1DBCF1971A18F7D50034DFD6 /* Release */ = {
			isa = XCBuildConfiguration;
			buildSettings = {
				ALWAYS_SEARCH_USER_PATHS = NO;
				CLANG_CXX_LANGUAGE_STANDARD = "gnu++0x";
				CLANG_CXX_LIBRARY = "libc++";
				CLANG_ENABLE_MODULES = YES;
				CLANG_ENABLE_OBJC_ARC = YES;
				CLANG_WARN_BOOL_CONVERSION = YES;
				CLANG_WARN_CONSTANT_CONVERSION = YES;
				CLANG_WARN_DIRECT_OBJC_ISA_USAGE = YES_ERROR;
				CLANG_WARN_EMPTY_BODY = YES;
				CLANG_WARN_ENUM_CONVERSION = YES;
				CLANG_WARN_INT_CONVERSION = YES;
				CLANG_WARN_OBJC_ROOT_CLASS = YES_ERROR;
				CLANG_WARN_UNREACHABLE_CODE = YES;
				CLANG_WARN__DUPLICATE_METHOD_MATCH = YES;
				"CODE_SIGN_IDENTITY[sdk=iphoneos*]" = "iPhone Developer";
				COPY_PHASE_STRIP = YES;
				ENABLE_NS_ASSERTIONS = NO;
				ENABLE_STRICT_OBJC_MSGSEND = YES;
				GCC_C_LANGUAGE_STANDARD = gnu99;
				GCC_WARN_64_TO_32_BIT_CONVERSION = YES;
				GCC_WARN_ABOUT_RETURN_TYPE = YES_ERROR;
				GCC_WARN_UNDECLARED_SELECTOR = YES;
				GCC_WARN_UNINITIALIZED_AUTOS = YES_AGGRESSIVE;
				GCC_WARN_UNUSED_FUNCTION = YES;
				GCC_WARN_UNUSED_VARIABLE = YES;
				IPHONEOS_DEPLOYMENT_TARGET = 8.1;
				MTL_ENABLE_DEBUG_INFO = NO;
				SDKROOT = iphoneos;
				TARGETED_DEVICE_FAMILY = "1,2";
				VALIDATE_PRODUCT = YES;
			};
			name = Release;
		};
		1DBCF1991A18F7D50034DFD6 /* Debug */ = {
			isa = XCBuildConfiguration;
			buildSettings = {
				ASSETCATALOG_COMPILER_APPICON_NAME = AppIcon;
				ASSETCATALOG_COMPILER_LAUNCHIMAGE_NAME = LaunchImage;
				CODE_SIGN_ENTITLEMENTS = "";
				CODE_SIGN_IDENTITY = "iPhone Developer";
				"CODE_SIGN_IDENTITY[sdk=iphoneos*]" = "iPhone Developer";
				INFOPLIST_FILE = AddressBook/Info.plist;
				LD_RUNPATH_SEARCH_PATHS = "$(inherited) @executable_path/Frameworks";
				PRODUCT_NAME = "$(TARGET_NAME)";
				PROVISIONING_PROFILE = "";
			};
			name = Debug;
		};
		1DBCF19A1A18F7D50034DFD6 /* Release */ = {
			isa = XCBuildConfiguration;
			buildSettings = {
				ASSETCATALOG_COMPILER_APPICON_NAME = AppIcon;
				ASSETCATALOG_COMPILER_LAUNCHIMAGE_NAME = LaunchImage;
				CODE_SIGN_ENTITLEMENTS = "";
				CODE_SIGN_IDENTITY = "iPhone Developer";
				"CODE_SIGN_IDENTITY[sdk=iphoneos*]" = "iPhone Developer";
				INFOPLIST_FILE = AddressBook/Info.plist;
				LD_RUNPATH_SEARCH_PATHS = "$(inherited) @executable_path/Frameworks";
				PRODUCT_NAME = "$(TARGET_NAME)";
				PROVISIONING_PROFILE = "";
			};
			name = Release;
		};
		1DBCF19C1A18F7D50034DFD6 /* Debug */ = {
			isa = XCBuildConfiguration;
			buildSettings = {
				BUNDLE_LOADER = "$(TEST_HOST)";
				FRAMEWORK_SEARCH_PATHS = (
					"$(SDKROOT)/Developer/Library/Frameworks",
					"$(inherited)",
				);
				GCC_PREPROCESSOR_DEFINITIONS = (
					"DEBUG=1",
					"$(inherited)",
				);
				INFOPLIST_FILE = AddressBookTests/Info.plist;
				LD_RUNPATH_SEARCH_PATHS = "$(inherited) @executable_path/Frameworks @loader_path/Frameworks";
				PRODUCT_NAME = "$(TARGET_NAME)";
				TEST_HOST = "$(BUILT_PRODUCTS_DIR)/AddressBook.app/AddressBook";
			};
			name = Debug;
		};
		1DBCF19D1A18F7D50034DFD6 /* Release */ = {
			isa = XCBuildConfiguration;
			buildSettings = {
				BUNDLE_LOADER = "$(TEST_HOST)";
				FRAMEWORK_SEARCH_PATHS = (
					"$(SDKROOT)/Developer/Library/Frameworks",
					"$(inherited)",
				);
				INFOPLIST_FILE = AddressBookTests/Info.plist;
				LD_RUNPATH_SEARCH_PATHS = "$(inherited) @executable_path/Frameworks @loader_path/Frameworks";
				PRODUCT_NAME = "$(TARGET_NAME)";
				TEST_HOST = "$(BUILT_PRODUCTS_DIR)/AddressBook.app/AddressBook";
			};
			name = Release;
		};
/* End XCBuildConfiguration section */

/* Begin XCConfigurationList section */
		1DBCF16F1A18F7D50034DFD6 /* Build configuration list for PBXProject "AddressBook" */ = {
			isa = XCConfigurationList;
			buildConfigurations = (
				1DBCF1961A18F7D50034DFD6 /* Debug */,
				1DBCF1971A18F7D50034DFD6 /* Release */,
			);
			defaultConfigurationIsVisible = 0;
			defaultConfigurationName = Release;
		};
		1DBCF1981A18F7D50034DFD6 /* Build configuration list for PBXNativeTarget "AddressBook" */ = {
			isa = XCConfigurationList;
			buildConfigurations = (
				1DBCF1991A18F7D50034DFD6 /* Debug */,
				1DBCF19A1A18F7D50034DFD6 /* Release */,
			);
			defaultConfigurationIsVisible = 0;
			defaultConfigurationName = Release;
		};
		1DBCF19B1A18F7D50034DFD6 /* Build configuration list for PBXNativeTarget "AddressBookTests" */ = {
			isa = XCConfigurationList;
			buildConfigurations = (
				1DBCF19C1A18F7D50034DFD6 /* Debug */,
				1DBCF19D1A18F7D50034DFD6 /* Release */,
			);
			defaultConfigurationIsVisible = 0;
			defaultConfigurationName = Release;
		};
/* End XCConfigurationList section */

/* Begin XCVersionGroup section */
		1DBCF17B1A18F7D50034DFD6 /* AddressBook.xcdatamodeld */ = {
			isa = XCVersionGroup;
			children = (
				1DBCF17C1A18F7D50034DFD6 /* AddressBook.xcdatamodel */,
			);
			currentVersion = 1DBCF17C1A18F7D50034DFD6 /* AddressBook.xcdatamodel */;
			path = AddressBook.xcdatamodeld;
			sourceTree = "<group>";
			versionGroupType = wrapper.xcdatamodel;
		};
/* End XCVersionGroup section */
	};
	rootObject = 1DBCF16C1A18F7D50034DFD6 /* Project object */;
}
